
Microsoft Visual Studio Solution File, Format Version 12.00
# Visual Studio 15
VisualStudioVersion = 15.0.28307.136
MinimumVisualStudioVersion = 10.0.40219.1
Project("{FAE04EC0-301F-11D3-BF4B-00C04F79EFBC}") = "TreeApplication", "TreeApplication\TreeApplication.csproj", "{170186F2-E014-43DB-9AB8-D00783967733}"
EndProject
Global
	GlobalSection(SolutionConfigurationPlatforms) = preSolution
		Debug|Any CPU = Debug|Any CPU
		Release|Any CPU = Release|Any CPU
	EndGlobalSection
	GlobalSection(ProjectConfigurationPlatforms) = postSolution
		{170186F2-E014-43DB-9AB8-D00783967733}.Debug|Any CPU.ActiveCfg = Debug|Any CPU
		{170186F2-E014-43DB-9AB8-D00783967733}.Debug|Any CPU.Build.0 = Debug|Any CPU
		{170186F2-E014-43DB-9AB8-D00783967733}.Release|Any CPU.ActiveCfg = Release|Any CPU
		{170186F2-E014-43DB-9AB8-D00783967733}.Release|Any CPU.Build.0 = Release|Any CPU
	EndGlobalSection
	GlobalSection(SolutionProperties) = preSolution
		HideSolutionNode = FALSE
	EndGlobalSection
	GlobalSection(ExtensibilityGlobals) = postSolution
		SolutionGuid = {0BFF02A2-6D4D-46EF-A0A6-6E5538A8F5EC}
	EndGlobalSection
EndGlobal
